
Microsoft Visual Studio Solution File, Format Version 12.00
# Visual Studio 15
VisualStudioVersion = 15.0.28010.2046
MinimumVisualStudioVersion = 10.0.40219.1
Project("{FAE04EC0-301F-11D3-BF4B-00C04F79EFBC}") = "BeaconManagerLib.Android", "BeaconManagerLib\BeaconManagerLib.Android\BeaconManagerLib.Android.csproj", "{8A697C33-5CE2-4488-8F72-6F0CC5B8038E}"
EndProject
Project("{FAE04EC0-301F-11D3-BF4B-00C04F79EFBC}") = "BeaconManagerLib.iOS", "BeaconManagerLib\BeaconManagerLib.iOS\BeaconManagerLib.iOS.csproj", "{9975C07F-F492-440F-AE11-996427916631}"
EndProject
Project("{9A19103F-16F7-4668-BE54-9A1E7A4F7556}") = "BeaconManagerLib", "BeaconManagerLib\BeaconManagerLib\BeaconManagerLib.csproj", "{4B4C0252-712D-4CFA-9DDD-B7A2AAE08F82}"
EndProject
Project("{FAE04EC0-301F-11D3-BF4B-00C04F79EFBC}") = "Plugin.BeaconManager", "..\..\..\Desktop\University\IoT\xamarin.plugins.beaconmanager-master\BeaconManager\Plugin.BeaconManager\Plugin.BeaconManager.csproj", "{5E7A07E8-EBE4-414D-A3A3-DEB2D6E759A2}"
EndProject
Project("{FAE04EC0-301F-11D3-BF4B-00C04F79EFBC}") = "Plugin.BeaconManager.Abstractions", "..\..\..\Desktop\University\IoT\xamarin.plugins.beaconmanager-master\BeaconManager\Plugin.BeaconManager.Abstractions\Plugin.BeaconManager.Abstractions.csproj", "{BDE492BB-B7E3-4ED4-8216-39CF2209F549}"
EndProject
Project("{FAE04EC0-301F-11D3-BF4B-00C04F79EFBC}") = "Plugin.BeaconManager.Android", "..\..\..\Desktop\University\IoT\xamarin.plugins.beaconmanager-master\BeaconManager\Plugin.BeaconManager.Android\Plugin.BeaconManager.Android.csproj", "{FAF4806F-5928-4F6E-8A5A-F5FBDF65B03F}"
EndProject
Project("{FAE04EC0-301F-11D3-BF4B-00C04F79EFBC}") = "Plugin.BeaconManager.iOS", "..\..\..\Desktop\University\IoT\xamarin.plugins.beaconmanager-master\BeaconManager\Plugin.BeaconManager.iOS\Plugin.BeaconManager.iOS.csproj", "{59C2F39A-E823-4181-8427-9AEEAA412184}"
EndProject
Global
	GlobalSection(SolutionConfigurationPlatforms) = preSolution
		Ad-Hoc|Any CPU = Ad-Hoc|Any CPU
		Ad-Hoc|iPhone = Ad-Hoc|iPhone
		Ad-Hoc|iPhoneSimulator = Ad-Hoc|iPhoneSimulator
		AppStore|Any CPU = AppStore|Any CPU
		AppStore|iPhone = AppStore|iPhone
		AppStore|iPhoneSimulator = AppStore|iPhoneSimulator
		Debug|Any CPU = Debug|Any CPU
		Debug|iPhone = Debug|iPhone
		Debug|iPhoneSimulator = Debug|iPhoneSimulator
		Release|Any CPU = Release|Any CPU
		Release|iPhone = Release|iPhone
		Release|iPhoneSimulator = Release|iPhoneSimulator
	EndGlobalSection
	GlobalSection(ProjectConfigurationPlatforms) = postSolution
		{8A697C33-5CE2-4488-8F72-6F0CC5B8038E}.Ad-Hoc|Any CPU.ActiveCfg = Release|Any CPU
		{8A697C33-5CE2-4488-8F72-6F0CC5B8038E}.Ad-Hoc|Any CPU.Build.0 = Release|Any CPU
		{8A697C33-5CE2-4488-8F72-6F0CC5B8038E}.Ad-Hoc|Any CPU.Deploy.0 = Release|Any CPU
		{8A697C33-5CE2-4488-8F72-6F0CC5B8038E}.Ad-Hoc|iPhone.ActiveCfg = Release|Any CPU
		{8A697C33-5CE2-4488-8F72-6F0CC5B8038E}.Ad-Hoc|iPhone.Build.0 = Release|Any CPU
		{8A697C33-5CE2-4488-8F72-6F0CC5B8038E}.Ad-Hoc|iPhone.Deploy.0 = Release|Any CPU
		{8A697C33-5CE2-4488-8F72-6F0CC5B8038E}.Ad-Hoc|iPhoneSimulator.ActiveCfg = Release|Any CPU
		{8A697C33-5CE2-4488-8F72-6F0CC5B8038E}.Ad-Hoc|iPhoneSimulator.Build.0 = Release|Any CPU
		{8A697C33-5CE2-4488-8F72-6F0CC5B8038E}.Ad-Hoc|iPhoneSimulator.Deploy.0 = Release|Any CPU
		{8A697C33-5CE2-4488-8F72-6F0CC5B8038E}.AppStore|Any CPU.ActiveCfg = Release|Any CPU
		{8A697C33-5CE2-4488-8F72-6F0CC5B8038E}.AppStore|Any CPU.Build.0 = Release|Any CPU
		{8A697C33-5CE2-4488-8F72-6F0CC5B8038E}.AppStore|Any CPU.Deploy.0 = Release|Any CPU
		{8A697C33-5CE2-4488-8F72-6F0CC5B8038E}.AppStore|iPhone.ActiveCfg = Release|Any CPU
		{8A697C33-5CE2-4488-8F72-6F0CC5B8038E}.AppStore|iPhone.Build.0 = Release|Any CPU
		{8A697C33-5CE2-4488-8F72-6F0CC5B8038E}.AppStore|iPhone.Deploy.0 = Release|Any CPU
		{8A697C33-5CE2-4488-8F72-6F0CC5B8038E}.AppStore|iPhoneSimulator.ActiveCfg = Release|Any CPU
		{8A697C33-5CE2-4488-8F72-6F0CC5B8038E}.AppStore|iPhoneSimulator.Build.0 = Release|Any CPU
		{8A697C33-5CE2-4488-8F72-6F0CC5B8038E}.AppStore|iPhoneSimulator.Deploy.0 = Release|Any CPU
		{8A697C33-5CE2-4488-8F72-6F0CC5B8038E}.Debug|Any CPU.ActiveCfg = Debug|Any CPU
		{8A697C33-5CE2-4488-8F72-6F0CC5B8038E}.Debug|Any CPU.Build.0 = Debug|Any CPU
		{8A697C33-5CE2-4488-8F72-6F0CC5B8038E}.Debug|Any CPU.Deploy.0 = Debug|Any CPU
		{8A697C33-5CE2-4488-8F72-6F0CC5B8038E}.Debug|iPhone.ActiveCfg = Debug|Any CPU
		{8A697C33-5CE2-4488-8F72-6F0CC5B8038E}.Debug|iPhone.Build.0 = Debug|Any CPU
		{8A697C33-5CE2-4488-8F72-6F0CC5B8038E}.Debug|iPhone.Deploy.0 = Debug|Any CPU
		{8A697C33-5CE2-4488-8F72-6F0CC5B8038E}.Debug|iPhoneSimulator.ActiveCfg = Debug|Any CPU
		{8A697C33-5CE2-4488-8F72-6F0CC5B8038E}.Debug|iPhoneSimulator.Build.0 = Debug|Any CPU
		{8A697C33-5CE2-4488-8F72-6F0CC5B8038E}.Debug|iPhoneSimulator.Deploy.0 = Debug|Any CPU
		{8A697C33-5CE2-4488-8F72-6F0CC5B8038E}.Release|Any CPU.ActiveCfg = Release|Any CPU
		{8A697C33-5CE2-4488-8F72-6F0CC5B8038E}.Release|Any CPU.Build.0 = Release|Any CPU
		{8A697C33-5CE2-4488-8F72-6F0CC5B8038E}.Release|Any CPU.Deploy.0 = Release|Any CPU
		{8A697C33-5CE2-4488-8F72-6F0CC5B8038E}.Release|iPhone.ActiveCfg = Release|Any CPU
		{8A697C33-5CE2-4488-8F72-6F0CC5B8038E}.Release|iPhone.Build.0 = Release|Any CPU
		{8A697C33-5CE2-4488-8F72-6F0CC5B8038E}.Release|iPhone.Deploy.0 = Release|Any CPU
		{8A697C33-5CE2-4488-8F72-6F0CC5B8038E}.Release|iPhoneSimulator.ActiveCfg = Release|Any CPU
		{8A697C33-5CE2-4488-8F72-6F0CC5B8038E}.Release|iPhoneSimulator.Build.0 = Release|Any CPU
		{8A697C33-5CE2-4488-8F72-6F0CC5B8038E}.Release|iPhoneSimulator.Deploy.0 = Release|Any CPU
		{9975C07F-F492-440F-AE11-996427916631}.Ad-Hoc|Any CPU.ActiveCfg = Ad-Hoc|iPhone
		{9975C07F-F492-440F-AE11-996427916631}.Ad-Hoc|Any CPU.Build.0 = Ad-Hoc|iPhone
		{9975C07F-F492-440F-AE11-996427916631}.Ad-Hoc|Any CPU.Deploy.0 = Ad-Hoc|iPhone
		{9975C07F-F492-440F-AE11-996427916631}.Ad-Hoc|iPhone.ActiveCfg = Ad-Hoc|iPhone
		{9975C07F-F492-440F-AE11-996427916631}.Ad-Hoc|iPhone.Build.0 = Ad-Hoc|iPhone
		{9975C07F-F492-440F-AE11-996427916631}.Ad-Hoc|iPhone.Deploy.0 = Ad-Hoc|iPhone
		{9975C07F-F492-440F-AE11-996427916631}.Ad-Hoc|iPhoneSimulator.ActiveCfg = Ad-Hoc|iPhoneSimulator
		{9975C07F-F492-440F-AE11-996427916631}.Ad-Hoc|iPhoneSimulator.Build.0 = Ad-Hoc|iPhoneSimulator
		{9975C07F-F492-440F-AE11-996427916631}.Ad-Hoc|iPhoneSimulator.Deploy.0 = Ad-Hoc|iPhoneSimulator
		{9975C07F-F492-440F-AE11-996427916631}.AppStore|Any CPU.ActiveCfg = AppStore|iPhone
		{9975C07F-F492-440F-AE11-996427916631}.AppStore|Any CPU.Build.0 = AppStore|iPhone
		{9975C07F-F492-440F-AE11-996427916631}.AppStore|Any CPU.Deploy.0 = AppStore|iPhone
		{9975C07F-F492-440F-AE11-996427916631}.AppStore|iPhone.ActiveCfg = AppStore|iPhone
		{9975C07F-F492-440F-AE11-996427916631}.AppStore|iPhone.Build.0 = AppStore|iPhone
		{9975C07F-F492-440F-AE11-996427916631}.AppStore|iPhone.Deploy.0 = AppStore|iPhone
		{9975C07F-F492-440F-AE11-996427916631}.AppStore|iPhoneSimulator.ActiveCfg = AppStore|iPhoneSimulator
		{9975C07F-F492-440F-AE11-996427916631}.AppStore|iPhoneSimulator.Build.0 = AppStore|iPhoneSimulator
		{9975C07F-F492-440F-AE11-996427916631}.AppStore|iPhoneSimulator.Deploy.0 = AppStore|iPhoneSimulator
		{9975C07F-F492-440F-AE11-996427916631}.Debug|Any CPU.ActiveCfg = Debug|iPhoneSimulator
		{9975C07F-F492-440F-AE11-996427916631}.Debug|Any CPU.Build.0 = Debug|iPhoneSimulator
		{9975C07F-F492-440F-AE11-996427916631}.Debug|Any CPU.Deploy.0 = Debug|iPhoneSimulator
		{9975C07F-F492-440F-AE11-996427916631}.Debug|iPhone.ActiveCfg = Debug|iPhone
		{9975C07F-F492-440F-AE11-996427916631}.Debug|iPhone.Build.0 = Debug|iPhone
		{9975C07F-F492-440F-AE11-996427916631}.Debug|iPhone.Deploy.0 = Debug|iPhone
		{9975C07F-F492-440F-AE11-996427916631}.Debug|iPhoneSimulator.ActiveCfg = Debug|iPhoneSimulator
		{9975C07F-F492-440F-AE11-996427916631}.Debug|iPhoneSimulator.Build.0 = Debug|iPhoneSimulator
		{9975C07F-F492-440F-AE11-996427916631}.Debug|iPhoneSimulator.Deploy.0 = Debug|iPhoneSimulator
		{9975C07F-F492-440F-AE11-996427916631}.Release|Any CPU.ActiveCfg = Release|iPhone
		{9975C07F-F492-440F-AE11-996427916631}.Release|Any CPU.Build.0 = Release|iPhone
		{9975C07F-F492-440F-AE11-996427916631}.Release|Any CPU.Deploy.0 = Release|iPhone
		{9975C07F-F492-440F-AE11-996427916631}.Release|iPhone.ActiveCfg = Release|iPhone
		{9975C07F-F492-440F-AE11-996427916631}.Release|iPhone.Build.0 = Release|iPhone
		{9975C07F-F492-440F-AE11-996427916631}.Release|iPhone.Deploy.0 = Release|iPhone
		{9975C07F-F492-440F-AE11-996427916631}.Release|iPhoneSimulator.ActiveCfg = Release|iPhoneSimulator
		{9975C07F-F492-440F-AE11-996427916631}.Release|iPhoneSimulator.Build.0 = Release|iPhoneSimulator
		{9975C07F-F492-440F-AE11-996427916631}.Release|iPhoneSimulator.Deploy.0 = Release|iPhoneSimulator
		{4B4C0252-712D-4CFA-9DDD-B7A2AAE08F82}.Ad-Hoc|Any CPU.ActiveCfg = Debug|Any CPU
		{4B4C0252-712D-4CFA-9DDD-B7A2AAE08F82}.Ad-Hoc|Any CPU.Build.0 = Debug|Any CPU
		{4B4C0252-712D-4CFA-9DDD-B7A2AAE08F82}.Ad-Hoc|Any CPU.Deploy.0 = Debug|Any CPU
		{4B4C0252-712D-4CFA-9DDD-B7A2AAE08F82}.Ad-Hoc|iPhone.ActiveCfg = Debug|Any CPU
		{4B4C0252-712D-4CFA-9DDD-B7A2AAE08F82}.Ad-Hoc|iPhone.Build.0 = Debug|Any CPU
		{4B4C0252-712D-4CFA-9DDD-B7A2AAE08F82}.Ad-Hoc|iPhone.Deploy.0 = Debug|Any CPU
		{4B4C0252-712D-4CFA-9DDD-B7A2AAE08F82}.Ad-Hoc|iPhoneSimulator.ActiveCfg = Debug|Any CPU
		{4B4C0252-712D-4CFA-9DDD-B7A2AAE08F82}.Ad-Hoc|iPhoneSimulator.Build.0 = Debug|Any CPU
		{4B4C0252-712D-4CFA-9DDD-B7A2AAE08F82}.Ad-Hoc|iPhoneSimulator.Deploy.0 = Debug|Any CPU
		{4B4C0252-712D-4CFA-9DDD-B7A2AAE08F82}.AppStore|Any CPU.ActiveCfg = Debug|Any CPU
		{4B4C0252-712D-4CFA-9DDD-B7A2AAE08F82}.AppStore|Any CPU.Build.0 = Debug|Any CPU
		{4B4C0252-712D-4CFA-9DDD-B7A2AAE08F82}.AppStore|Any CPU.Deploy.0 = Debug|Any CPU
		{4B4C0252-712D-4CFA-9DDD-B7A2AAE08F82}.AppStore|iPhone.ActiveCfg = Debug|Any CPU
		{4B4C0252-712D-4CFA-9DDD-B7A2AAE08F82}.AppStore|iPhone.Build.0 = Debug|Any CPU
		{4B4C0252-712D-4CFA-9DDD-B7A2AAE08F82}.AppStore|iPhone.Deploy.0 = Debug|Any CPU
		{4B4C0252-712D-4CFA-9DDD-B7A2AAE08F82}.AppStore|iPhoneSimulator.ActiveCfg = Debug|Any CPU
		{4B4C0252-712D-4CFA-9DDD-B7A2AAE08F82}.AppStore|iPhoneSimulator.Build.0 = Debug|Any CPU
		{4B4C0252-712D-4CFA-9DDD-B7A2AAE08F82}.AppStore|iPhoneSimulator.Deploy.0 = Debug|Any CPU
		{4B4C0252-712D-4CFA-9DDD-B7A2AAE08F82}.Debug|Any CPU.ActiveCfg = Debug|Any CPU
		{4B4C0252-712D-4CFA-9DDD-B7A2AAE08F82}.Debug|Any CPU.Build.0 = Debug|Any CPU
		{4B4C0252-712D-4CFA-9DDD-B7A2AAE08F82}.Debug|Any CPU.Deploy.0 = Debug|Any CPU
		{4B4C0252-712D-4CFA-9DDD-B7A2AAE08F82}.Debug|iPhone.ActiveCfg = Debug|Any CPU
		{4B4C0252-712D-4CFA-9DDD-B7A2AAE08F82}.Debug|iPhone.Build.0 = Debug|Any CPU
		{4B4C0252-712D-4CFA-9DDD-B7A2AAE08F82}.Debug|iPhone.Deploy.0 = Debug|Any CPU
		{4B4C0252-712D-4CFA-9DDD-B7A2AAE08F82}.Debug|iPhoneSimulator.ActiveCfg = Debug|Any CPU
		{4B4C0252-712D-4CFA-9DDD-B7A2AAE08F82}.Debug|iPhoneSimulator.Build.0 = Debug|Any CPU
		{4B4C0252-712D-4CFA-9DDD-B7A2AAE08F82}.Debug|iPhoneSimulator.Deploy.0 = Debug|Any CPU
		{4B4C0252-712D-4CFA-9DDD-B7A2AAE08F82}.Release|Any CPU.ActiveCfg = Release|Any CPU
		{4B4C0252-712D-4CFA-9DDD-B7A2AAE08F82}.Release|Any CPU.Build.0 = Release|Any CPU
		{4B4C0252-712D-4CFA-9DDD-B7A2AAE08F82}.Release|Any CPU.Deploy.0 = Release|Any CPU
		{4B4C0252-712D-4CFA-9DDD-B7A2AAE08F82}.Release|iPhone.ActiveCfg = Release|Any CPU
		{4B4C0252-712D-4CFA-9DDD-B7A2AAE08F82}.Release|iPhone.Build.0 = Release|Any CPU
		{4B4C0252-712D-4CFA-9DDD-B7A2AAE08F82}.Release|iPhone.Deploy.0 = Release|Any CPU
		{4B4C0252-712D-4CFA-9DDD-B7A2AAE08F82}.Release|iPhoneSimulator.ActiveCfg = Release|Any CPU
		{4B4C0252-712D-4CFA-9DDD-B7A2AAE08F82}.Release|iPhoneSimulator.Build.0 = Release|Any CPU
		{4B4C0252-712D-4CFA-9DDD-B7A2AAE08F82}.Release|iPhoneSimulator.Deploy.0 = Release|Any CPU
		{5E7A07E8-EBE4-414D-A3A3-DEB2D6E759A2}.Ad-Hoc|Any CPU.ActiveCfg = Release|Any CPU
		{5E7A07E8-EBE4-414D-A3A3-DEB2D6E759A2}.Ad-Hoc|Any CPU.Build.0 = Release|Any CPU
		{5E7A07E8-EBE4-414D-A3A3-DEB2D6E759A2}.Ad-Hoc|iPhone.ActiveCfg = Release|Any CPU
		{5E7A07E8-EBE4-414D-A3A3-DEB2D6E759A2}.Ad-Hoc|iPhone.Build.0 = Release|Any CPU
		{5E7A07E8-EBE4-414D-A3A3-DEB2D6E759A2}.Ad-Hoc|iPhoneSimulator.ActiveCfg = Release|Any CPU
		{5E7A07E8-EBE4-414D-A3A3-DEB2D6E759A2}.Ad-Hoc|iPhoneSimulator.Build.0 = Release|Any CPU
		{5E7A07E8-EBE4-414D-A3A3-DEB2D6E759A2}.AppStore|Any CPU.ActiveCfg = Release|Any CPU
		{5E7A07E8-EBE4-414D-A3A3-DEB2D6E759A2}.AppStore|Any CPU.Build.0 = Release|Any CPU
		{5E7A07E8-EBE4-414D-A3A3-DEB2D6E759A2}.AppStore|iPhone.ActiveCfg = Release|Any CPU
		{5E7A07E8-EBE4-414D-A3A3-DEB2D6E759A2}.AppStore|iPhone.Build.0 = Release|Any CPU
		{5E7A07E8-EBE4-414D-A3A3-DEB2D6E759A2}.AppStore|iPhoneSimulator.ActiveCfg = Release|Any CPU
		{5E7A07E8-EBE4-414D-A3A3-DEB2D6E759A2}.AppStore|iPhoneSimulator.Build.0 = Release|Any CPU
		{5E7A07E8-EBE4-414D-A3A3-DEB2D6E759A2}.Debug|Any CPU.ActiveCfg = Debug|Any CPU
		{5E7A07E8-EBE4-414D-A3A3-DEB2D6E759A2}.Debug|Any CPU.Build.0 = Debug|Any CPU
		{5E7A07E8-EBE4-414D-A3A3-DEB2D6E759A2}.Debug|iPhone.ActiveCfg = Debug|Any CPU
		{5E7A07E8-EBE4-414D-A3A3-DEB2D6E759A2}.Debug|iPhone.Build.0 = Debug|Any CPU
		{5E7A07E8-EBE4-414D-A3A3-DEB2D6E759A2}.Debug|iPhoneSimulator.ActiveCfg = Debug|Any CPU
		{5E7A07E8-EBE4-414D-A3A3-DEB2D6E759A2}.Debug|iPhoneSimulator.Build.0 = Debug|Any CPU
		{5E7A07E8-EBE4-414D-A3A3-DEB2D6E759A2}.Release|Any CPU.ActiveCfg = Release|Any CPU
		{5E7A07E8-EBE4-414D-A3A3-DEB2D6E759A2}.Release|Any CPU.Build.0 = Release|Any CPU
		{5E7A07E8-EBE4-414D-A3A3-DEB2D6E759A2}.Release|iPhone.ActiveCfg = Release|Any CPU
		{5E7A07E8-EBE4-414D-A3A3-DEB2D6E759A2}.Release|iPhone.Build.0 = Release|Any CPU
		{5E7A07E8-EBE4-414D-A3A3-DEB2D6E759A2}.Release|iPhoneSimulator.ActiveCfg = Release|Any CPU
		{5E7A07E8-EBE4-414D-A3A3-DEB2D6E759A2}.Release|iPhoneSimulator.Build.0 = Release|Any CPU
		{BDE492BB-B7E3-4ED4-8216-39CF2209F549}.Ad-Hoc|Any CPU.ActiveCfg = Release|Any CPU
		{BDE492BB-B7E3-4ED4-8216-39CF2209F549}.Ad-Hoc|Any CPU.Build.0 = Release|Any CPU
		{BDE492BB-B7E3-4ED4-8216-39CF2209F549}.Ad-Hoc|iPhone.ActiveCfg = Release|Any CPU
		{BDE492BB-B7E3-4ED4-8216-39CF2209F549}.Ad-Hoc|iPhone.Build.0 = Release|Any CPU
		{BDE492BB-B7E3-4ED4-8216-39CF2209F549}.Ad-Hoc|iPhoneSimulator.ActiveCfg = Release|Any CPU
		{BDE492BB-B7E3-4ED4-8216-39CF2209F549}.Ad-Hoc|iPhoneSimulator.Build.0 = Release|Any CPU
		{BDE492BB-B7E3-4ED4-8216-39CF2209F549}.AppStore|Any CPU.ActiveCfg = Release|Any CPU
		{BDE492BB-B7E3-4ED4-8216-39CF2209F549}.AppStore|Any CPU.Build.0 = Release|Any CPU
		{BDE492BB-B7E3-4ED4-8216-39CF2209F549}.AppStore|iPhone.ActiveCfg = Release|Any CPU
		{BDE492BB-B7E3-4ED4-8216-39CF2209F549}.AppStore|iPhone.Build.0 = Release|Any CPU
		{BDE492BB-B7E3-4ED4-8216-39CF2209F549}.AppStore|iPhoneSimulator.ActiveCfg = Release|Any CPU
		{BDE492BB-B7E3-4ED4-8216-39CF2209F549}.AppStore|iPhoneSimulator.Build.0 = Release|Any CPU
		{BDE492BB-B7E3-4ED4-8216-39CF2209F549}.Debug|Any CPU.ActiveCfg = Debug|Any CPU
		{BDE492BB-B7E3-4ED4-8216-39CF2209F549}.Debug|Any CPU.Build.0 = Debug|Any CPU
		{BDE492BB-B7E3-4ED4-8216-39CF2209F549}.Debug|iPhone.ActiveCfg = Debug|Any CPU
		{BDE492BB-B7E3-4ED4-8216-39CF2209F549}.Debug|iPhone.Build.0 = Debug|Any CPU
		{BDE492BB-B7E3-4ED4-8216-39CF2209F549}.Debug|iPhoneSimulator.ActiveCfg = Debug|Any CPU
		{BDE492BB-B7E3-4ED4-8216-39CF2209F549}.Debug|iPhoneSimulator.Build.0 = Debug|Any CPU
		{BDE492BB-B7E3-4ED4-8216-39CF2209F549}.Release|Any CPU.ActiveCfg = Release|Any CPU
		{BDE492BB-B7E3-4ED4-8216-39CF2209F549}.Release|Any CPU.Build.0 = Release|Any CPU
		{BDE492BB-B7E3-4ED4-8216-39CF2209F549}.Release|iPhone.ActiveCfg = Release|Any CPU
		{BDE492BB-B7E3-4ED4-8216-39CF2209F549}.Release|iPhone.Build.0 = Release|Any CPU
		{BDE492BB-B7E3-4ED4-8216-39CF2209F549}.Release|iPhoneSimulator.ActiveCfg = Release|Any CPU
		{BDE492BB-B7E3-4ED4-8216-39CF2209F549}.Release|iPhoneSimulator.Build.0 = Release|Any CPU
		{FAF4806F-5928-4F6E-8A5A-F5FBDF65B03F}.Ad-Hoc|Any CPU.ActiveCfg = Release|Any CPU
		{FAF4806F-5928-4F6E-8A5A-F5FBDF65B03F}.Ad-Hoc|Any CPU.Build.0 = Release|Any CPU
		{FAF4806F-5928-4F6E-8A5A-F5FBDF65B03F}.Ad-Hoc|iPhone.ActiveCfg = Release|Any CPU
		{FAF4806F-5928-4F6E-8A5A-F5FBDF65B03F}.Ad-Hoc|iPhone.Build.0 = Release|Any CPU
		{FAF4806F-5928-4F6E-8A5A-F5FBDF65B03F}.Ad-Hoc|iPhoneSimulator.ActiveCfg = Release|Any CPU
		{FAF4806F-5928-4F6E-8A5A-F5FBDF65B03F}.Ad-Hoc|iPhoneSimulator.Build.0 = Release|Any CPU
		{FAF4806F-5928-4F6E-8A5A-F5FBDF65B03F}.AppStore|Any CPU.ActiveCfg = Release|Any CPU
		{FAF4806F-5928-4F6E-8A5A-F5FBDF65B03F}.AppStore|Any CPU.Build.0 = Release|Any CPU
		{FAF4806F-5928-4F6E-8A5A-F5FBDF65B03F}.AppStore|iPhone.ActiveCfg = Release|Any CPU
		{FAF4806F-5928-4F6E-8A5A-F5FBDF65B03F}.AppStore|iPhone.Build.0 = Release|Any CPU
		{FAF4806F-5928-4F6E-8A5A-F5FBDF65B03F}.AppStore|iPhoneSimulator.ActiveCfg = Release|Any CPU
		{FAF4806F-5928-4F6E-8A5A-F5FBDF65B03F}.AppStore|iPhoneSimulator.Build.0 = Release|Any CPU
		{FAF4806F-5928-4F6E-8A5A-F5FBDF65B03F}.Debug|Any CPU.ActiveCfg = Debug|Any CPU
		{FAF4806F-5928-4F6E-8A5A-F5FBDF65B03F}.Debug|Any CPU.Build.0 = Debug|Any CPU
		{FAF4806F-5928-4F6E-8A5A-F5FBDF65B03F}.Debug|iPhone.ActiveCfg = Debug|Any CPU
		{FAF4806F-5928-4F6E-8A5A-F5FBDF65B03F}.Debug|iPhone.Build.0 = Debug|Any CPU
		{FAF4806F-5928-4F6E-8A5A-F5FBDF65B03F}.Debug|iPhoneSimulator.ActiveCfg = Debug|Any CPU
		{FAF4806F-5928-4F6E-8A5A-F5FBDF65B03F}.Debug|iPhoneSimulator.Build.0 = Debug|Any CPU
		{FAF4806F-5928-4F6E-8A5A-F5FBDF65B03F}.Release|Any CPU.ActiveCfg = Release|Any CPU
		{FAF4806F-5928-4F6E-8A5A-F5FBDF65B03F}.Release|Any CPU.Build.0 = Release|Any CPU
		{FAF4806F-5928-4F6E-8A5A-F5FBDF65B03F}.Release|iPhone.ActiveCfg = Release|Any CPU
		{FAF4806F-5928-4F6E-8A5A-F5FBDF65B03F}.Release|iPhone.Build.0 = Release|Any CPU
		{FAF4806F-5928-4F6E-8A5A-F5FBDF65B03F}.Release|iPhoneSimulator.ActiveCfg = Release|Any CPU
		{FAF4806F-5928-4F6E-8A5A-F5FBDF65B03F}.Release|iPhoneSimulator.Build.0 = Release|Any CPU
		{59C2F39A-E823-4181-8427-9AEEAA412184}.Ad-Hoc|Any CPU.ActiveCfg = Release|Any CPU
		{59C2F39A-E823-4181-8427-9AEEAA412184}.Ad-Hoc|Any CPU.Build.0 = Release|Any CPU
		{59C2F39A-E823-4181-8427-9AEEAA412184}.Ad-Hoc|iPhone.ActiveCfg = Release|Any CPU
		{59C2F39A-E823-4181-8427-9AEEAA412184}.Ad-Hoc|iPhone.Build.0 = Release|Any CPU
		{59C2F39A-E823-4181-8427-9AEEAA412184}.Ad-Hoc|iPhoneSimulator.ActiveCfg = Release|Any CPU
		{59C2F39A-E823-4181-8427-9AEEAA412184}.Ad-Hoc|iPhoneSimulator.Build.0 = Release|Any CPU
		{59C2F39A-E823-4181-8427-9AEEAA412184}.AppStore|Any CPU.ActiveCfg = Release|Any CPU
		{59C2F39A-E823-4181-8427-9AEEAA412184}.AppStore|Any CPU.Build.0 = Release|Any CPU
		{59C2F39A-E823-4181-8427-9AEEAA412184}.AppStore|iPhone.ActiveCfg = Release|Any CPU
		{59C2F39A-E823-4181-8427-9AEEAA412184}.AppStore|iPhone.Build.0 = Release|Any CPU
		{59C2F39A-E823-4181-8427-9AEEAA412184}.AppStore|iPhoneSimulator.ActiveCfg = Release|Any CPU
		{59C2F39A-E823-4181-8427-9AEEAA412184}.AppStore|iPhoneSimulator.Build.0 = Release|Any CPU
		{59C2F39A-E823-4181-8427-9AEEAA412184}.Debug|Any CPU.ActiveCfg = Debug|Any CPU
		{59C2F39A-E823-4181-8427-9AEEAA412184}.Debug|Any CPU.Build.0 = Debug|Any CPU
		{59C2F39A-E823-4181-8427-9AEEAA412184}.Debug|iPhone.ActiveCfg = Debug|Any CPU
		{59C2F39A-E823-4181-8427-9AEEAA412184}.Debug|iPhone.Build.0 = Debug|Any CPU
		{59C2F39A-E823-4181-8427-9AEEAA412184}.Debug|iPhoneSimulator.ActiveCfg = Debug|Any CPU
		{59C2F39A-E823-4181-8427-9AEEAA412184}.Debug|iPhoneSimulator.Build.0 = Debug|Any CPU
		{59C2F39A-E823-4181-8427-9AEEAA412184}.Release|Any CPU.ActiveCfg = Release|Any CPU
		{59C2F39A-E823-4181-8427-9AEEAA412184}.Release|Any CPU.Build.0 = Release|Any CPU
		{59C2F39A-E823-4181-8427-9AEEAA412184}.Release|iPhone.ActiveCfg = Release|Any CPU
		{59C2F39A-E823-4181-8427-9AEEAA412184}.Release|iPhone.Build.0 = Release|Any CPU
		{59C2F39A-E823-4181-8427-9AEEAA412184}.Release|iPhoneSimulator.ActiveCfg = Release|Any CPU
		{59C2F39A-E823-4181-8427-9AEEAA412184}.Release|iPhoneSimulator.Build.0 = Release|Any CPU
	EndGlobalSection
	GlobalSection(SolutionProperties) = preSolution
		HideSolutionNode = FALSE
	EndGlobalSection
	GlobalSection(ExtensibilityGlobals) = postSolution
		SolutionGuid = {9ADD2EC0-07E2-47AF-BBA8-A6AE242C3D60}
	EndGlobalSection
EndGlobal
